
Microsoft Visual Studio Solution File, Format Version 12.00
# Visual Studio 15
VisualStudioVersion = 15.0.27703.2042
MinimumVisualStudioVersion = 10.0.40219.1
Project("{FAE04EC0-301F-11D3-BF4B-00C04F79EFBC}") = "INDRA_TEST", "INDRA_TEST\INDRA_TEST.csproj", "{CDC36738-236E-4A59-8F5F-2CF160A4B4EA}"
EndProject
Global
	GlobalSection(SolutionConfigurationPlatforms) = preSolution
		Debug|Any CPU = Debug|Any CPU
		Release|Any CPU = Release|Any CPU
	EndGlobalSection
	GlobalSection(ProjectConfigurationPlatforms) = postSolution
		{CDC36738-236E-4A59-8F5F-2CF160A4B4EA}.Debug|Any CPU.ActiveCfg = Debug|Any CPU
		{CDC36738-236E-4A59-8F5F-2CF160A4B4EA}.Debug|Any CPU.Build.0 = Debug|Any CPU
		{CDC36738-236E-4A59-8F5F-2CF160A4B4EA}.Release|Any CPU.ActiveCfg = Release|Any CPU
		{CDC36738-236E-4A59-8F5F-2CF160A4B4EA}.Release|Any CPU.Build.0 = Release|Any CPU
	EndGlobalSection
	GlobalSection(SolutionProperties) = preSolution
		HideSolutionNode = FALSE
	EndGlobalSection
	GlobalSection(ExtensibilityGlobals) = postSolution
		SolutionGuid = {630CB668-A745-4609-8862-55D1A8C6E642}
	EndGlobalSection
EndGlobal
